
Microsoft Visual Studio Solution File, Format Version 12.00
# Visual Studio 15
VisualStudioVersion = 15.0.27703.2047
MinimumVisualStudioVersion = 10.0.40219.1
Project("{FAE04EC0-301F-11D3-BF4B-00C04F79EFBC}") = "Maze", "Maze\Maze.csproj", "{708B9253-24CD-409E-9F4B-E3B14ED04CE4}"
EndProject
Global
	GlobalSection(SolutionConfigurationPlatforms) = preSolution
		Debug|Any CPU = Debug|Any CPU
		Release|Any CPU = Release|Any CPU
	EndGlobalSection
	GlobalSection(ProjectConfigurationPlatforms) = postSolution
		{708B9253-24CD-409E-9F4B-E3B14ED04CE4}.Debug|Any CPU.ActiveCfg = Debug|Any CPU
		{708B9253-24CD-409E-9F4B-E3B14ED04CE4}.Debug|Any CPU.Build.0 = Debug|Any CPU
		{708B9253-24CD-409E-9F4B-E3B14ED04CE4}.Release|Any CPU.ActiveCfg = Release|Any CPU
		{708B9253-24CD-409E-9F4B-E3B14ED04CE4}.Release|Any CPU.Build.0 = Release|Any CPU
	EndGlobalSection
	GlobalSection(SolutionProperties) = preSolution
		HideSolutionNode = FALSE
	EndGlobalSection
	GlobalSection(ExtensibilityGlobals) = postSolution
		SolutionGuid = {1D3A9585-F236-4F10-B05C-5F4BAA8AEBB2}
	EndGlobalSection
EndGlobal
